<?xml version="1.0" encoding="utf-8"?>
<Project ToolsVersion="4.0" xmlns="http://schemas.microsoft.com/developer/msbuild/2003">
  <ItemGroup>
    <Filter Include="Source Files">
      <UniqueIdentifier>{4FC737F1-C7A5-4376-A066-2A32D752A2FF}</UniqueIdentifier>
      <Extensions>cpp;c;cc;cxx;def;odl;idl;hpj;bat;asm;asmx</Extensions>
    </Filter>
    <Filter Include="Header Files">
      <UniqueIdentifier>{93995380-89BD-4b04-88EB-625FBE52EBFB}</UniqueIdentifier>
      <Extensions>h;hh;hpp;hxx;hm;inl;inc;xsd</Extensions>
    </Filter>
    <Filter Include="Resource Files">
      <UniqueIdentifier>{67DA6AB6-F800-4c08-8B7A-83BB121AAD01}</UniqueIdentifier>
      <Extensions>rc;ico;cur;bmp;dlg;rc2;rct;bin;rgs;gif;jpg;jpeg;jpe;resx;tiff;tif;png;wav;mfcribbon-ms</Extensions>
    </Filter>
    <Filter Include="Header Files\ThirdParty">
      <UniqueIdentifier>{3020c9ab-5bb4-4471-abe1-0f108b29f781}</UniqueIdentifier>
    </Filter>
    <Filter Include="Header Files\Include">
      <UniqueIdentifier>{a6b59d6e-4ca2-4e90-8c62-072a011114c1}</UniqueIdentifier>
    </Filter>
    <Filter Include="Source Files\Source">
      <UniqueIdentifier>{63672ed1-3d0b-4751-a67b-eb80e8450cc4}</UniqueIdentifier>
    </Filter>
    <Filter Include="Header Files\ThirdParty\GL">
      <UniqueIdentifier>{9ec1f387-1ed4-4a37-8130-5df4ffb157ee}</UniqueIdentifier>
    </Filter>
    <Filter Include="Source Files\ThirdParty">
      <UniqueIdentifier>{24e2ee70-64bf-4e85-8ad0-178a114a8209}</UniqueIdentifier>
    </Filter>
    <Filter Include="Source Files\ThirdParty\ini">
      <UniqueIdentifier>{5f558bd1-0b6c-439c-9b98-55a122df22a9}</UniqueIdentifier>
    </Filter>
    <Filter Include="Header Files\ThirdParty\ini">
      <UniqueIdentifier>{5fa5edf2-43f6-4d8c-b673-ada2f83ca113}</UniqueIdentifier>
    </Filter>
    <Filter Include="Header Files\ThirdParty\easylogging++">
      <UniqueIdentifier>{688b31af-aaba-4163-bd9f-47184bf68839}</UniqueIdentifier>
    </Filter>
    <Filter Include="Header Files\ThirdParty\objload">
      <UniqueIdentifier>{af58c5b0-3cb5-47ae-aba6-6a26d2b82763}</UniqueIdentifier>
    </Filter>
    <Filter Include="Header Files\ThirdParty\FreeImage">
      <UniqueIdentifier>{517d82f3-59a4-4dc9-a89c-1949ba10a82f}</UniqueIdentifier>
    </Filter>
    <Filter Include="Resource Files\Shaders">
      <UniqueIdentifier>{f1825eb7-7e2b-44e8-9c5d-d90c0c5ee5dc}</UniqueIdentifier>
    </Filter>
    <Filter Include="Resource Files\Textures">
      <UniqueIdentifier>{9cf419cf-6ac7-4ec7-b5c7-6101f6749aab}</UniqueIdentifier>
    </Filter>
  </ItemGroup>
  <ItemGroup>
    <ClInclude Include="Include\Types.h">
      <Filter>Header Files\Include</Filter>
    </ClInclude>
    <ClInclude Include="Include\Subscription.h">
      <Filter>Header Files\Include</Filter>
    </ClInclude>
    <ClInclude Include="Include\Macros.h">
      <Filter>Header Files\Include</Filter>
    </ClInclude>
    <ClInclude Include="ThirdParty\GL\glew.h">
      <Filter>Header Files\ThirdParty\GL</Filter>
    </ClInclude>
    <ClInclude Include="ThirdParty\GL\glext.h">
      <Filter>Header Files\ThirdParty\GL</Filter>
    </ClInclude>
    <ClInclude Include="ThirdParty\GL\glxew.h">
      <Filter>Header Files\ThirdParty\GL</Filter>
    </ClInclude>
    <ClInclude Include="ThirdParty\GL\glxext.h">
      <Filter>Header Files\ThirdParty\GL</Filter>
    </ClInclude>
    <ClInclude Include="ThirdParty\GL\wglew.h">
      <Filter>Header Files\ThirdParty\GL</Filter>
    </ClInclude>
    <ClInclude Include="ThirdParty\GL\wglext.h">
      <Filter>Header Files\ThirdParty\GL</Filter>
    </ClInclude>
    <ClInclude Include="ThirdParty\GL\glcorearb.h">
      <Filter>Header Files\ThirdParty\GL</Filter>
    </ClInclude>
    <ClInclude Include="ThirdParty\ini\ini.h">
      <Filter>Header Files\ThirdParty\ini</Filter>
    </ClInclude>
    <ClInclude Include="Include\Window.h">
      <Filter>Header Files\Include</Filter>
    </ClInclude>
    <ClInclude Include="ThirdParty\easylogging++\easylogging++.h">
      <Filter>Header Files\ThirdParty\easylogging++</Filter>
    </ClInclude>
    <ClInclude Include="Include\Log.h">
      <Filter>Header Files\Include</Filter>
    </ClInclude>
    <ClInclude Include="Include\Config.h">
      <Filter>Header Files\Include</Filter>
    </ClInclude>
    <ClInclude Include="Include\Renderer.h">
      <Filter>Header Files\Include</Filter>
    </ClInclude>
    <ClInclude Include="Include\TextHelpers.h">
      <Filter>Header Files\Include</Filter>
    </ClInclude>
    <ClInclude Include="Include\Shader.h">
      <Filter>Header Files\Include</Filter>
    </ClInclude>
    <ClInclude Include="ThirdParty\objload\objload.h">
      <Filter>Header Files\ThirdParty\objload</Filter>
    </ClInclude>
    <ClInclude Include="ThirdParty\FreeImage\FreeImage.h">
      <Filter>Header Files\ThirdParty\FreeImage</Filter>
    </ClInclude>
    <ClInclude Include="Include\Texture2D.h">
      <Filter>Header Files\Include</Filter>
    </ClInclude>
  </ItemGroup>
  <ItemGroup>
    <ClCompile Include="Source\Main.cpp">
      <Filter>Source Files\Source</Filter>
    </ClCompile>
    <ClCompile Include="ThirdParty\ini\ini.cpp">
      <Filter>Source Files\ThirdParty\ini</Filter>
    </ClCompile>
    <ClCompile Include="Source\Window.cpp">
      <Filter>Source Files\Source</Filter>
    </ClCompile>
    <ClCompile Include="Source\Subscription.cpp">
      <Filter>Source Files\Source</Filter>
    </ClCompile>
    <ClCompile Include="Source\Log.cpp">
      <Filter>Source Files\Source</Filter>
    </ClCompile>
    <ClCompile Include="Source\Config.cpp">
      <Filter>Source Files\Source</Filter>
    </ClCompile>
    <ClCompile Include="Source\Renderer.cpp">
      <Filter>Source Files\Source</Filter>
    </ClCompile>
    <ClCompile Include="Source\Shader.cpp">
      <Filter>Source Files\Source</Filter>
    </ClCompile>
    <ClCompile Include="Source\Texture2D.cpp">
      <Filter>Source Files\Source</Filter>
    </ClCompile>
  </ItemGroup>
  <ItemGroup>
    <None Include="..\Builds\Shared\Engine.ini">
      <Filter>Resource Files</Filter>
    </None>
    <None Include="..\Builds\Shared\Easylog.config">
      <Filter>Resource Files</Filter>
    </None>
    <None Include="..\Assets\Shaders\Simple.vert">
      <Filter>Resource Files\Shaders</Filter>
    </None>
    <None Include="..\Assets\Shaders\Simple.frag">
      <Filter>Resource Files\Shaders</Filter>
    </None>
  </ItemGroup>
  <ItemGroup>
    <Image Include="..\Assets\Textures\Placeholder.png">
      <Filter>Resource Files\Textures</Filter>
    </Image>
    <Image Include="..\Assets\Textures\Testing.png">
      <Filter>Resource Files\Textures</Filter>
    </Image>
    <Image Include="..\Assets\Textures\Red2x2.png">
      <Filter>Resource Files\Textures</Filter>
    </Image>
  </ItemGroup>
</Project>