<?xml version="1.0" encoding="utf-8"?>
<Project ToolsVersion="4.0" xmlns="http://schemas.microsoft.com/developer/msbuild/2003">
  <ItemGroup>
    <Filter Include="Source Files">
      <UniqueIdentifier>{4FC737F1-C7A5-4376-A066-2A32D752A2FF}</UniqueIdentifier>
      <Extensions>cpp;c;cc;cxx;def;odl;idl;hpj;bat;asm;asmx</Extensions>
    </Filter>
    <Filter Include="Header Files">
      <UniqueIdentifier>{93995380-89BD-4b04-88EB-625FBE52EBFB}</UniqueIdentifier>
      <Extensions>h;hh;hpp;hxx;hm;inl;inc;xsd</Extensions>
    </Filter>
    <Filter Include="Resource Files">
      <UniqueIdentifier>{67DA6AB6-F800-4c08-8B7A-83BB121AAD01}</UniqueIdentifier>
      <Extensions>rc;ico;cur;bmp;dlg;rc2;rct;bin;rgs;gif;jpg;jpeg;jpe;resx;tiff;tif;png;wav;mfcribbon-ms</Extensions>
    </Filter>
    <Filter Include="Header Files\ThirdParty">
      <UniqueIdentifier>{3020c9ab-5bb4-4471-abe1-0f108b29f781}</UniqueIdentifier>
    </Filter>
    <Filter Include="Header Files\Include">
      <UniqueIdentifier>{a6b59d6e-4ca2-4e90-8c62-072a011114c1}</UniqueIdentifier>
    </Filter>
    <Filter Include="Source Files\Source">
      <UniqueIdentifier>{63672ed1-3d0b-4751-a67b-eb80e8450cc4}</UniqueIdentifier>
    </Filter>
    <Filter Include="Header Files\ThirdParty\GL">
      <UniqueIdentifier>{9ec1f387-1ed4-4a37-8130-5df4ffb157ee}</UniqueIdentifier>
    </Filter>
    <Filter Include="Source Files\ThirdParty">
      <UniqueIdentifier>{24e2ee70-64bf-4e85-8ad0-178a114a8209}</UniqueIdentifier>
    </Filter>
    <Filter Include="Source Files\ThirdParty\ini">
      <UniqueIdentifier>{5f558bd1-0b6c-439c-9b98-55a122df22a9}</UniqueIdentifier>
    </Filter>
    <Filter Include="Header Files\ThirdParty\ini">
      <UniqueIdentifier>{5fa5edf2-43f6-4d8c-b673-ada2f83ca113}</UniqueIdentifier>
    </Filter>
    <Filter Include="Header Files\ThirdParty\easylogging++">
      <UniqueIdentifier>{688b31af-aaba-4163-bd9f-47184bf68839}</UniqueIdentifier>
    </Filter>
    <Filter Include="Header Files\ThirdParty\objload">
      <UniqueIdentifier>{af58c5b0-3cb5-47ae-aba6-6a26d2b82763}</UniqueIdentifier>
    </Filter>
    <Filter Include="Header Files\ThirdParty\FreeImage">
      <UniqueIdentifier>{517d82f3-59a4-4dc9-a89c-1949ba10a82f}</UniqueIdentifier>
    </Filter>
    <Filter Include="Resource Files\Shaders">
      <UniqueIdentifier>{f1825eb7-7e2b-44e8-9c5d-d90c0c5ee5dc}</UniqueIdentifier>
    </Filter>
    <Filter Include="Resource Files\Textures">
      <UniqueIdentifier>{9cf419cf-6ac7-4ec7-b5c7-6101f6749aab}</UniqueIdentifier>
    </Filter>
    <Filter Include="Header Files\Include\Assets">
      <UniqueIdentifier>{97290fd6-3978-450e-b0dc-0c55e3c679fb}</UniqueIdentifier>
    </Filter>
    <Filter Include="Source Files\Source\Assets">
      <UniqueIdentifier>{353d0b17-1068-44f0-9a0f-3f05b98ada4e}</UniqueIdentifier>
    </Filter>
    <Filter Include="Resource Files\Models">
      <UniqueIdentifier>{c753fdea-91c6-44a9-95db-136ec68233ab}</UniqueIdentifier>
    </Filter>
    <Filter Include="Resource Files\Models\Cube">
      <UniqueIdentifier>{74af67ec-6285-4e6e-91b5-04d58007304a}</UniqueIdentifier>
    </Filter>
    <Filter Include="Header Files\ThirdParty\tinyobjloader">
      <UniqueIdentifier>{d8edf0f2-8b38-4fec-a8ca-992dfd4f1d0c}</UniqueIdentifier>
    </Filter>
    <Filter Include="Source Files\ThirdParty\tinyobjloader">
      <UniqueIdentifier>{5ccba6ef-9ebe-4679-9f83-e4249e4a5da1}</UniqueIdentifier>
    </Filter>
    <Filter Include="Source Files\ThirdParty\xo-math">
      <UniqueIdentifier>{24184646-7dbd-4069-a3ad-566771bb378d}</UniqueIdentifier>
    </Filter>
    <Filter Include="Header Files\ThirdParty\xo-math">
      <UniqueIdentifier>{7e899572-a7e6-449f-a78a-2aba8a020a07}</UniqueIdentifier>
    </Filter>
    <Filter Include="Source Files\Source\Game">
      <UniqueIdentifier>{68fd3e2c-b234-4a87-9a4a-886cd20bdabc}</UniqueIdentifier>
    </Filter>
    <Filter Include="Header Files\Include\Game">
      <UniqueIdentifier>{1f4bbee1-88c9-41e5-9219-6c54eae5767d}</UniqueIdentifier>
    </Filter>
    <Filter Include="Header Files\Include\Widgets">
      <UniqueIdentifier>{4564ff96-d9de-44e2-8757-8b6ae6deafc1}</UniqueIdentifier>
    </Filter>
    <Filter Include="Header Files\Include\Widgets\Carousel">
      <UniqueIdentifier>{c8009257-b40f-4325-99a5-840d3cd113b3}</UniqueIdentifier>
    </Filter>
    <Filter Include="Resource Files\Widgets">
      <UniqueIdentifier>{d6b93885-e388-4393-93be-6d06a2d22117}</UniqueIdentifier>
    </Filter>
    <Filter Include="Resource Files\Widgets\Carousel">
      <UniqueIdentifier>{31e5fbb2-2bc2-4eee-bc85-4f91d251ac8d}</UniqueIdentifier>
    </Filter>
    <Filter Include="Source Files\Source\Widgets">
      <UniqueIdentifier>{5dbf3612-f508-4b1e-8dcf-38d358f71618}</UniqueIdentifier>
    </Filter>
    <Filter Include="Source Files\Source\Widgets\Carousel">
      <UniqueIdentifier>{9146a286-8862-4882-9862-0879d6ebd4c3}</UniqueIdentifier>
    </Filter>
  </ItemGroup>
  <ItemGroup>
    <ClInclude Include="Include\Types.h">
      <Filter>Header Files\Include</Filter>
    </ClInclude>
    <ClInclude Include="Include\Subscription.h">
      <Filter>Header Files\Include</Filter>
    </ClInclude>
    <ClInclude Include="Include\Macros.h">
      <Filter>Header Files\Include</Filter>
    </ClInclude>
    <ClInclude Include="ThirdParty\GL\glew.h">
      <Filter>Header Files\ThirdParty\GL</Filter>
    </ClInclude>
    <ClInclude Include="ThirdParty\GL\glext.h">
      <Filter>Header Files\ThirdParty\GL</Filter>
    </ClInclude>
    <ClInclude Include="ThirdParty\GL\glxew.h">
      <Filter>Header Files\ThirdParty\GL</Filter>
    </ClInclude>
    <ClInclude Include="ThirdParty\GL\glxext.h">
      <Filter>Header Files\ThirdParty\GL</Filter>
    </ClInclude>
    <ClInclude Include="ThirdParty\GL\wglew.h">
      <Filter>Header Files\ThirdParty\GL</Filter>
    </ClInclude>
    <ClInclude Include="ThirdParty\GL\wglext.h">
      <Filter>Header Files\ThirdParty\GL</Filter>
    </ClInclude>
    <ClInclude Include="ThirdParty\GL\glcorearb.h">
      <Filter>Header Files\ThirdParty\GL</Filter>
    </ClInclude>
    <ClInclude Include="ThirdParty\ini\ini.h">
      <Filter>Header Files\ThirdParty\ini</Filter>
    </ClInclude>
    <ClInclude Include="Include\Window.h">
      <Filter>Header Files\Include</Filter>
    </ClInclude>
    <ClInclude Include="ThirdParty\easylogging++\easylogging++.h">
      <Filter>Header Files\ThirdParty\easylogging++</Filter>
    </ClInclude>
    <ClInclude Include="Include\Log.h">
      <Filter>Header Files\Include</Filter>
    </ClInclude>
    <ClInclude Include="Include\Renderer.h">
      <Filter>Header Files\Include</Filter>
    </ClInclude>
    <ClInclude Include="Include\TextHelpers.h">
      <Filter>Header Files\Include</Filter>
    </ClInclude>
    <ClInclude Include="ThirdParty\objload\objload.h">
      <Filter>Header Files\ThirdParty\objload</Filter>
    </ClInclude>
    <ClInclude Include="ThirdParty\FreeImage\FreeImage.h">
      <Filter>Header Files\ThirdParty\FreeImage</Filter>
    </ClInclude>
    <ClInclude Include="Include\Assets\AssetManager.h">
      <Filter>Header Files\Include\Assets</Filter>
    </ClInclude>
    <ClInclude Include="Include\Assets\Config.h">
      <Filter>Header Files\Include\Assets</Filter>
    </ClInclude>
    <ClInclude Include="Include\Assets\Shader.h">
      <Filter>Header Files\Include\Assets</Filter>
    </ClInclude>
    <ClInclude Include="Include\Assets\Texture2D.h">
      <Filter>Header Files\Include\Assets</Filter>
    </ClInclude>
    <ClInclude Include="Include\Assets\Model.h">
      <Filter>Header Files\Include\Assets</Filter>
    </ClInclude>
    <ClInclude Include="ThirdParty\tinyobjloader\tiny_obj_loader.h">
      <Filter>Header Files\ThirdParty\tinyobjloader</Filter>
    </ClInclude>
    <ClInclude Include="ThirdParty\xo-math\xo-math.h">
      <Filter>Header Files\ThirdParty\xo-math</Filter>
    </ClInclude>
    <ClInclude Include="ThirdParty\xo-math\xo-math-config.h">
      <Filter>Header Files\ThirdParty\xo-math</Filter>
    </ClInclude>
    <ClInclude Include="Include\Entity.h">
      <Filter>Header Files\Include</Filter>
    </ClInclude>
    <ClInclude Include="Include\Scene.h">
      <Filter>Header Files\Include</Filter>
    </ClInclude>
    <ClInclude Include="Include\Game\GameScene.h">
      <Filter>Header Files\Include\Game</Filter>
    </ClInclude>
    <ClInclude Include="Include\Hash.h">
      <Filter>Header Files\Include</Filter>
    </ClInclude>
    <ClInclude Include="Include\Component_Model.h">
      <Filter>Header Files\Include</Filter>
    </ClInclude>
    <ClInclude Include="Include\Component.h">
      <Filter>Header Files\Include</Filter>
    </ClInclude>
    <ClInclude Include="Include\Widgets\Component_Widget.h">
      <Filter>Header Files\Include\Widgets</Filter>
    </ClInclude>
    <ClInclude Include="Include\Widgets\DataProvider.h">
      <Filter>Header Files\Include\Widgets</Filter>
    </ClInclude>
    <ClInclude Include="Include\Widgets\DataProvider_Config.h">
      <Filter>Header Files\Include\Widgets</Filter>
    </ClInclude>
    <ClInclude Include="Include\Widgets\Widget.h">
      <Filter>Header Files\Include\Widgets</Filter>
    </ClInclude>
    <ClInclude Include="Include\Widgets\Carousel\Widget_Carousel.h">
      <Filter>Header Files\Include\Widgets\Carousel</Filter>
    </ClInclude>
    <ClInclude Include="Include\Widgets\DataProvider_Code.h">
      <Filter>Header Files\Include\Widgets</Filter>
    </ClInclude>
  </ItemGroup>
  <ItemGroup>
    <ClCompile Include="Source\Main.cpp">
      <Filter>Source Files\Source</Filter>
    </ClCompile>
    <ClCompile Include="ThirdParty\ini\ini.cpp">
      <Filter>Source Files\ThirdParty\ini</Filter>
    </ClCompile>
    <ClCompile Include="Source\Window.cpp">
      <Filter>Source Files\Source</Filter>
    </ClCompile>
    <ClCompile Include="Source\Subscription.cpp">
      <Filter>Source Files\Source</Filter>
    </ClCompile>
    <ClCompile Include="Source\Log.cpp">
      <Filter>Source Files\Source</Filter>
    </ClCompile>
    <ClCompile Include="Source\Renderer.cpp">
      <Filter>Source Files\Source</Filter>
    </ClCompile>
    <ClCompile Include="Source\Assets\AssetManager.cpp">
      <Filter>Source Files\Source\Assets</Filter>
    </ClCompile>
    <ClCompile Include="Source\Assets\Config.cpp">
      <Filter>Source Files\Source\Assets</Filter>
    </ClCompile>
    <ClCompile Include="Source\Assets\Shader.cpp">
      <Filter>Source Files\Source\Assets</Filter>
    </ClCompile>
    <ClCompile Include="Source\Assets\Texture2D.cpp">
      <Filter>Source Files\Source\Assets</Filter>
    </ClCompile>
    <ClCompile Include="Source\Assets\Model.cpp">
      <Filter>Source Files\Source\Assets</Filter>
    </ClCompile>
    <ClCompile Include="ThirdParty\tinyobjloader\tiny_obj_loader.cc">
      <Filter>Source Files\ThirdParty\tinyobjloader</Filter>
    </ClCompile>
    <ClCompile Include="ThirdParty\xo-math\xo-math.cpp">
      <Filter>Source Files\ThirdParty\xo-math</Filter>
    </ClCompile>
    <ClCompile Include="Source\Entity.cpp">
      <Filter>Source Files\Source</Filter>
    </ClCompile>
    <ClCompile Include="Source\Scene.cpp">
      <Filter>Source Files\Source</Filter>
    </ClCompile>
    <ClCompile Include="Source\Game\GameScene.cpp">
      <Filter>Source Files\Source\Game</Filter>
    </ClCompile>
    <ClCompile Include="Source\Component_Model.cpp">
      <Filter>Source Files\Source</Filter>
    </ClCompile>
    <ClCompile Include="Source\Component.cpp">
      <Filter>Source Files\Source</Filter>
    </ClCompile>
    <ClCompile Include="Source\Widgets\DataProvider.cpp">
      <Filter>Source Files\Source\Widgets</Filter>
    </ClCompile>
    <ClCompile Include="Source\Widgets\DataProvider_Code.cpp">
      <Filter>Source Files\Source\Widgets</Filter>
    </ClCompile>
    <ClCompile Include="Source\Widgets\DataProvider_Config.cpp">
      <Filter>Source Files\Source\Widgets</Filter>
    </ClCompile>
    <ClCompile Include="Source\Widgets\Widget.cpp">
      <Filter>Source Files\Source\Widgets</Filter>
    </ClCompile>
    <ClCompile Include="Source\Widgets\Component_Widget.cpp">
      <Filter>Source Files\Source\Widgets</Filter>
    </ClCompile>
    <ClCompile Include="Source\Widgets\Carousel\Widget_Carousel.cpp">
      <Filter>Source Files\Source\Widgets\Carousel</Filter>
    </ClCompile>
  </ItemGroup>
  <ItemGroup>
    <None Include="..\Builds\Shared\Engine.ini">
      <Filter>Resource Files</Filter>
    </None>
    <None Include="..\Builds\Shared\Easylog.config">
      <Filter>Resource Files</Filter>
    </None>
    <None Include="..\Assets\Shaders\Simple.vert">
      <Filter>Resource Files\Shaders</Filter>
    </None>
    <None Include="..\Assets\Shaders\Simple.frag">
      <Filter>Resource Files\Shaders</Filter>
    </None>
    <None Include="..\Assets\Models\Cube\cube.ini">
      <Filter>Resource Files\Models\Cube</Filter>
    </None>
    <None Include="..\Assets\Models\Cube\cube.mtl">
      <Filter>Resource Files\Models\Cube</Filter>
    </None>
  </ItemGroup>
  <ItemGroup>
    <Image Include="..\Assets\Textures\Placeholder.png">
      <Filter>Resource Files\Textures</Filter>
    </Image>
    <Image Include="..\Assets\Textures\Testing.png">
      <Filter>Resource Files\Textures</Filter>
    </Image>
    <Image Include="..\Assets\Textures\Red2x2.png">
      <Filter>Resource Files\Textures</Filter>
    </Image>
  </ItemGroup>
  <ItemGroup>
    <Text Include="..\Assets\Models\Cube\cube.obj">
      <Filter>Resource Files\Models\Cube</Filter>
    </Text>
  </ItemGroup>
</Project>